// !$*UTF8*$!
{
	archiveVersion = 1;
	classes = {
	};
	objectVersion = 55;
	objects = {

/* Begin PBXBuildFile section */
		D06EDAB627DB2946006C3EC8 /* AppDelegate.swift in Sources */ = {isa = PBXBuildFile; fileRef = D06EDAB527DB2946006C3EC8 /* AppDelegate.swift */; };
		D06EDAB827DB2946006C3EC8 /* SceneDelegate.swift in Sources */ = {isa = PBXBuildFile; fileRef = D06EDAB727DB2946006C3EC8 /* SceneDelegate.swift */; };
		D06EDABA27DB2946006C3EC8 /* ViewController.swift in Sources */ = {isa = PBXBuildFile; fileRef = D06EDAB927DB2946006C3EC8 /* ViewController.swift */; };
		D06EDABD27DB2946006C3EC8 /* Main.storyboard in Resources */ = {isa = PBXBuildFile; fileRef = D06EDABB27DB2946006C3EC8 /* Main.storyboard */; };
		D06EDABF27DB2946006C3EC8 /* Assets.xcassets in Resources */ = {isa = PBXBuildFile; fileRef = D06EDABE27DB2946006C3EC8 /* Assets.xcassets */; };
		D06EDAC227DB2946006C3EC8 /* LaunchScreen.storyboard in Resources */ = {isa = PBXBuildFile; fileRef = D06EDAC027DB2946006C3EC8 /* LaunchScreen.storyboard */; };
		D06EDACD27DB2946006C3EC8 /* UICollectionView_TutorialTests.swift in Sources */ = {isa = PBXBuildFile; fileRef = D06EDACC27DB2946006C3EC8 /* UICollectionView_TutorialTests.swift */; };
		D06EDAD727DB2947006C3EC8 /* UICollectionView_TutorialUITests.swift in Sources */ = {isa = PBXBuildFile; fileRef = D06EDAD627DB2947006C3EC8 /* UICollectionView_TutorialUITests.swift */; };
		D06EDAD927DB2947006C3EC8 /* UICollectionView_TutorialUITestsLaunchTests.swift in Sources */ = {isa = PBXBuildFile; fileRef = D06EDAD827DB2947006C3EC8 /* UICollectionView_TutorialUITestsLaunchTests.swift */; };
/* End PBXBuildFile section */

/* Begin PBXContainerItemProxy section */
		D06EDAC927DB2946006C3EC8 /* PBXContainerItemProxy */ = {
			isa = PBXContainerItemProxy;
			containerPortal = D06EDAAA27DB2946006C3EC8 /* Project object */;
			proxyType = 1;
			remoteGlobalIDString = D06EDAB127DB2946006C3EC8;
			remoteInfo = "UICollectionView-Tutorial";
		};
		D06EDAD327DB2947006C3EC8 /* PBXContainerItemProxy */ = {
			isa = PBXContainerItemProxy;
			containerPortal = D06EDAAA27DB2946006C3EC8 /* Project object */;
			proxyType = 1;
			remoteGlobalIDString = D06EDAB127DB2946006C3EC8;
			remoteInfo = "UICollectionView-Tutorial";
		};
/* End PBXContainerItemProxy section */

/* Begin PBXFileReference section */
		D06EDAB227DB2946006C3EC8 /* UICollectionView-Tutorial.app */ = {isa = PBXFileReference; explicitFileType = wrapper.application; includeInIndex = 0; path = "UICollectionView-Tutorial.app"; sourceTree = BUILT_PRODUCTS_DIR; };
		D06EDAB527DB2946006C3EC8 /* AppDelegate.swift */ = {isa = PBXFileReference; lastKnownFileType = sourcecode.swift; path = AppDelegate.swift; sourceTree = "<group>"; };
		D06EDAB727DB2946006C3EC8 /* SceneDelegate.swift */ = {isa = PBXFileReference; lastKnownFileType = sourcecode.swift; path = SceneDelegate.swift; sourceTree = "<group>"; };
		D06EDAB927DB2946006C3EC8 /* ViewController.swift */ = {isa = PBXFileReference; lastKnownFileType = sourcecode.swift; path = ViewController.swift; sourceTree = "<group>"; };
		D06EDABC27DB2946006C3EC8 /* Base */ = {isa = PBXFileReference; lastKnownFileType = file.storyboard; name = Base; path = Base.lproj/Main.storyboard; sourceTree = "<group>"; };
		D06EDABE27DB2946006C3EC8 /* Assets.xcassets */ = {isa = PBXFileReference; lastKnownFileType = folder.assetcatalog; path = Assets.xcassets; sourceTree = "<group>"; };
		D06EDAC127DB2946006C3EC8 /* Base */ = {isa = PBXFileReference; lastKnownFileType = file.storyboard; name = Base; path = Base.lproj/LaunchScreen.storyboard; sourceTree = "<group>"; };
		D06EDAC327DB2946006C3EC8 /* Info.plist */ = {isa = PBXFileReference; lastKnownFileType = text.plist.xml; path = Info.plist; sourceTree = "<group>"; };
		D06EDAC827DB2946006C3EC8 /* UICollectionView-TutorialTests.xctest */ = {isa = PBXFileReference; explicitFileType = wrapper.cfbundle; includeInIndex = 0; path = "UICollectionView-TutorialTests.xctest"; sourceTree = BUILT_PRODUCTS_DIR; };
		D06EDACC27DB2946006C3EC8 /* UICollectionView_TutorialTests.swift */ = {isa = PBXFileReference; lastKnownFileType = sourcecode.swift; path = UICollectionView_TutorialTests.swift; sourceTree = "<group>"; };
		D06EDAD227DB2947006C3EC8 /* UICollectionView-TutorialUITests.xctest */ = {isa = PBXFileReference; explicitFileType = wrapper.cfbundle; includeInIndex = 0; path = "UICollectionView-TutorialUITests.xctest"; sourceTree = BUILT_PRODUCTS_DIR; };
		D06EDAD627DB2947006C3EC8 /* UICollectionView_TutorialUITests.swift */ = {isa = PBXFileReference; lastKnownFileType = sourcecode.swift; path = UICollectionView_TutorialUITests.swift; sourceTree = "<group>"; };
		D06EDAD827DB2947006C3EC8 /* UICollectionView_TutorialUITestsLaunchTests.swift */ = {isa = PBXFileReference; lastKnownFileType = sourcecode.swift; path = UICollectionView_TutorialUITestsLaunchTests.swift; sourceTree = "<group>"; };
/* End PBXFileReference section */

/* Begin PBXFrameworksBuildPhase section */
		D06EDAAF27DB2946006C3EC8 /* Frameworks */ = {
			isa = PBXFrameworksBuildPhase;
			buildActionMask = 2147483647;
			files = (
			);
			runOnlyForDeploymentPostprocessing = 0;
		};
		D06EDAC527DB2946006C3EC8 /* Frameworks */ = {
			isa = PBXFrameworksBuildPhase;
			buildActionMask = 2147483647;
			files = (
			);
			runOnlyForDeploymentPostprocessing = 0;
		};
		D06EDACF27DB2947006C3EC8 /* Frameworks */ = {
			isa = PBXFrameworksBuildPhase;
			buildActionMask = 2147483647;
			files = (
			);
			runOnlyForDeploymentPostprocessing = 0;
		};
/* End PBXFrameworksBuildPhase section */

/* Begin PBXGroup section */
		D06EDAA927DB2946006C3EC8 = {
			isa = PBXGroup;
			children = (
				D06EDAB427DB2946006C3EC8 /* UICollectionView-Tutorial */,
				D06EDACB27DB2946006C3EC8 /* UICollectionView-TutorialTests */,
				D06EDAD527DB2947006C3EC8 /* UICollectionView-TutorialUITests */,
				D06EDAB327DB2946006C3EC8 /* Products */,
			);
			sourceTree = "<group>";
		};
		D06EDAB327DB2946006C3EC8 /* Products */ = {
			isa = PBXGroup;
			children = (
				D06EDAB227DB2946006C3EC8 /* UICollectionView-Tutorial.app */,
				D06EDAC827DB2946006C3EC8 /* UICollectionView-TutorialTests.xctest */,
				D06EDAD227DB2947006C3EC8 /* UICollectionView-TutorialUITests.xctest */,
			);
			name = Products;
			sourceTree = "<group>";
		};
		D06EDAB427DB2946006C3EC8 /* UICollectionView-Tutorial */ = {
			isa = PBXGroup;
			children = (
				D06EDAB527DB2946006C3EC8 /* AppDelegate.swift */,
				D06EDAB727DB2946006C3EC8 /* SceneDelegate.swift */,
				D06EDAB927DB2946006C3EC8 /* ViewController.swift */,
				D06EDABB27DB2946006C3EC8 /* Main.storyboard */,
				D06EDABE27DB2946006C3EC8 /* Assets.xcassets */,
				D06EDAC027DB2946006C3EC8 /* LaunchScreen.storyboard */,
				D06EDAC327DB2946006C3EC8 /* Info.plist */,
			);
			path = "UICollectionView-Tutorial";
			sourceTree = "<group>";
		};
		D06EDACB27DB2946006C3EC8 /* UICollectionView-TutorialTests */ = {
			isa = PBXGroup;
			children = (
				D06EDACC27DB2946006C3EC8 /* UICollectionView_TutorialTests.swift */,
			);
			path = "UICollectionView-TutorialTests";
			sourceTree = "<group>";
		};
		D06EDAD527DB2947006C3EC8 /* UICollectionView-TutorialUITests */ = {
			isa = PBXGroup;
			children = (
				D06EDAD627DB2947006C3EC8 /* UICollectionView_TutorialUITests.swift */,
				D06EDAD827DB2947006C3EC8 /* UICollectionView_TutorialUITestsLaunchTests.swift */,
			);
			path = "UICollectionView-TutorialUITests";
			sourceTree = "<group>";
		};
/* End PBXGroup section */

/* Begin PBXNativeTarget section */
		D06EDAB127DB2946006C3EC8 /* UICollectionView-Tutorial */ = {
			isa = PBXNativeTarget;
			buildConfigurationList = D06EDADC27DB2947006C3EC8 /* Build configuration list for PBXNativeTarget "UICollectionView-Tutorial" */;
			buildPhases = (
				D06EDAAE27DB2946006C3EC8 /* Sources */,
				D06EDAAF27DB2946006C3EC8 /* Frameworks */,
				D06EDAB027DB2946006C3EC8 /* Resources */,
			);
			buildRules = (
			);
			dependencies = (
			);
			name = "UICollectionView-Tutorial";
			productName = "UICollectionView-Tutorial";
			productReference = D06EDAB227DB2946006C3EC8 /* UICollectionView-Tutorial.app */;
			productType = "com.apple.product-type.application";
		};
		D06EDAC727DB2946006C3EC8 /* UICollectionView-TutorialTests */ = {
			isa = PBXNativeTarget;
			buildConfigurationList = D06EDADF27DB2947006C3EC8 /* Build configuration list for PBXNativeTarget "UICollectionView-TutorialTests" */;
			buildPhases = (
				D06EDAC427DB2946006C3EC8 /* Sources */,
				D06EDAC527DB2946006C3EC8 /* Frameworks */,
				D06EDAC627DB2946006C3EC8 /* Resources */,
			);
			buildRules = (
			);
			dependencies = (
				D06EDACA27DB2946006C3EC8 /* PBXTargetDependency */,
			);
			name = "UICollectionView-TutorialTests";
			productName = "UICollectionView-TutorialTests";
			productReference = D06EDAC827DB2946006C3EC8 /* UICollectionView-TutorialTests.xctest */;
			productType = "com.apple.product-type.bundle.unit-test";
		};
		D06EDAD127DB2947006C3EC8 /* UICollectionView-TutorialUITests */ = {
			isa = PBXNativeTarget;
			buildConfigurationList = D06EDAE227DB2947006C3EC8 /* Build configuration list for PBXNativeTarget "UICollectionView-TutorialUITests" */;
			buildPhases = (
				D06EDACE27DB2947006C3EC8 /* Sources */,
				D06EDACF27DB2947006C3EC8 /* Frameworks */,
				D06EDAD027DB2947006C3EC8 /* Resources */,
			);
			buildRules = (
			);
			dependencies = (
				D06EDAD427DB2947006C3EC8 /* PBXTargetDependency */,
			);
			name = "UICollectionView-TutorialUITests";
			productName = "UICollectionView-TutorialUITests";
			productReference = D06EDAD227DB2947006C3EC8 /* UICollectionView-TutorialUITests.xctest */;
			productType = "com.apple.product-type.bundle.ui-testing";
		};
/* End PBXNativeTarget section */

/* Begin PBXProject section */
		D06EDAAA27DB2946006C3EC8 /* Project object */ = {
			isa = PBXProject;
			attributes = {
				BuildIndependentTargetsInParallel = 1;
				LastSwiftUpdateCheck = 1320;
				LastUpgradeCheck = 1320;
				TargetAttributes = {
					D06EDAB127DB2946006C3EC8 = {
						CreatedOnToolsVersion = 13.2.1;
					};
					D06EDAC727DB2946006C3EC8 = {
						CreatedOnToolsVersion = 13.2.1;
						TestTargetID = D06EDAB127DB2946006C3EC8;
					};
					D06EDAD127DB2947006C3EC8 = {
						CreatedOnToolsVersion = 13.2.1;
						TestTargetID = D06EDAB127DB2946006C3EC8;
					};
				};
			};
			buildConfigurationList = D06EDAAD27DB2946006C3EC8 /* Build configuration list for PBXProject "UICollectionView-Tutorial" */;
			compatibilityVersion = "Xcode 13.0";
			developmentRegion = en;
			hasScannedForEncodings = 0;
			knownRegions = (
				en,
				Base,
			);
			mainGroup = D06EDAA927DB2946006C3EC8;
			productRefGroup = D06EDAB327DB2946006C3EC8 /* Products */;
			projectDirPath = "";
			projectRoot = "";
			targets = (
				D06EDAB127DB2946006C3EC8 /* UICollectionView-Tutorial */,
				D06EDAC727DB2946006C3EC8 /* UICollectionView-TutorialTests */,
				D06EDAD127DB2947006C3EC8 /* UICollectionView-TutorialUITests */,
			);
		};
/* End PBXProject section */

/* Begin PBXResourcesBuildPhase section */
		D06EDAB027DB2946006C3EC8 /* Resources */ = {
			isa = PBXResourcesBuildPhase;
			buildActionMask = 2147483647;
			files = (
				D06EDAC227DB2946006C3EC8 /* LaunchScreen.storyboard in Resources */,
				D06EDABF27DB2946006C3EC8 /* Assets.xcassets in Resources */,
				D06EDABD27DB2946006C3EC8 /* Main.storyboard in Resources */,
			);
			runOnlyForDeploymentPostprocessing = 0;
		};
		D06EDAC627DB2946006C3EC8 /* Resources */ = {
			isa = PBXResourcesBuildPhase;
			buildActionMask = 2147483647;
			files = (
			);
			runOnlyForDeploymentPostprocessing = 0;
		};
		D06EDAD027DB2947006C3EC8 /* Resources */ = {
			isa = PBXResourcesBuildPhase;
			buildActionMask = 2147483647;
			files = (
			);
			runOnlyForDeploymentPostprocessing = 0;
		};
/* End PBXResourcesBuildPhase section */

/* Begin PBXSourcesBuildPhase section */
		D06EDAAE27DB2946006C3EC8 /* Sources */ = {
			isa = PBXSourcesBuildPhase;
			buildActionMask = 2147483647;
			files = (
				D06EDABA27DB2946006C3EC8 /* ViewController.swift in Sources */,
				D06EDAB627DB2946006C3EC8 /* AppDelegate.swift in Sources */,
				D06EDAB827DB2946006C3EC8 /* SceneDelegate.swift in Sources */,
			);
			runOnlyForDeploymentPostprocessing = 0;
		};
		D06EDAC427DB2946006C3EC8 /* Sources */ = {
			isa = PBXSourcesBuildPhase;
			buildActionMask = 2147483647;
			files = (
				D06EDACD27DB2946006C3EC8 /* UICollectionView_TutorialTests.swift in Sources */,
			);
			runOnlyForDeploymentPostprocessing = 0;
		};
		D06EDACE27DB2947006C3EC8 /* Sources */ = {
			isa = PBXSourcesBuildPhase;
			buildActionMask = 2147483647;
			files = (
				D06EDAD727DB2947006C3EC8 /* UICollectionView_TutorialUITests.swift in Sources */,
				D06EDAD927DB2947006C3EC8 /* UICollectionView_TutorialUITestsLaunchTests.swift in Sources */,
			);
			runOnlyForDeploymentPostprocessing = 0;
		};
/* End PBXSourcesBuildPhase section */

/* Begin PBXTargetDependency section */
		D06EDACA27DB2946006C3EC8 /* PBXTargetDependency */ = {
			isa = PBXTargetDependency;
			target = D06EDAB127DB2946006C3EC8 /* UICollectionView-Tutorial */;
			targetProxy = D06EDAC927DB2946006C3EC8 /* PBXContainerItemProxy */;
		};
		D06EDAD427DB2947006C3EC8 /* PBXTargetDependency */ = {
			isa = PBXTargetDependency;
			target = D06EDAB127DB2946006C3EC8 /* UICollectionView-Tutorial */;
			targetProxy = D06EDAD327DB2947006C3EC8 /* PBXContainerItemProxy */;
		};
/* End PBXTargetDependency section */

/* Begin PBXVariantGroup section */
		D06EDABB27DB2946006C3EC8 /* Main.storyboard */ = {
			isa = PBXVariantGroup;
			children = (
				D06EDABC27DB2946006C3EC8 /* Base */,
			);
			name = Main.storyboard;
			sourceTree = "<group>";
		};
		D06EDAC027DB2946006C3EC8 /* LaunchScreen.storyboard */ = {
			isa = PBXVariantGroup;
			children = (
				D06EDAC127DB2946006C3EC8 /* Base */,
			);
			name = LaunchScreen.storyboard;
			sourceTree = "<group>";
		};
/* End PBXVariantGroup section */

/* Begin XCBuildConfiguration section */
		D06EDADA27DB2947006C3EC8 /* Debug */ = {
			isa = XCBuildConfiguration;
			buildSettings = {
				ALWAYS_SEARCH_USER_PATHS = NO;
				CLANG_ANALYZER_NONNULL = YES;
				CLANG_ANALYZER_NUMBER_OBJECT_CONVERSION = YES_AGGRESSIVE;
				CLANG_CXX_LANGUAGE_STANDARD = "gnu++17";
				CLANG_CXX_LIBRARY = "libc++";
				CLANG_ENABLE_MODULES = YES;
				CLANG_ENABLE_OBJC_ARC = YES;
				CLANG_ENABLE_OBJC_WEAK = YES;
				CLANG_WARN_BLOCK_CAPTURE_AUTORELEASING = YES;
				CLANG_WARN_BOOL_CONVERSION = YES;
				CLANG_WARN_COMMA = YES;
				CLANG_WARN_CONSTANT_CONVERSION = YES;
				CLANG_WARN_DEPRECATED_OBJC_IMPLEMENTATIONS = YES;
				CLANG_WARN_DIRECT_OBJC_ISA_USAGE = YES_ERROR;
				CLANG_WARN_DOCUMENTATION_COMMENTS = YES;
				CLANG_WARN_EMPTY_BODY = YES;
				CLANG_WARN_ENUM_CONVERSION = YES;
				CLANG_WARN_INFINITE_RECURSION = YES;
				CLANG_WARN_INT_CONVERSION = YES;
				CLANG_WARN_NON_LITERAL_NULL_CONVERSION = YES;
				CLANG_WARN_OBJC_IMPLICIT_RETAIN_SELF = YES;
				CLANG_WARN_OBJC_LITERAL_CONVERSION = YES;
				CLANG_WARN_OBJC_ROOT_CLASS = YES_ERROR;
				CLANG_WARN_QUOTED_INCLUDE_IN_FRAMEWORK_HEADER = YES;
				CLANG_WARN_RANGE_LOOP_ANALYSIS = YES;
				CLANG_WARN_STRICT_PROTOTYPES = YES;
				CLANG_WARN_SUSPICIOUS_MOVE = YES;
				CLANG_WARN_UNGUARDED_AVAILABILITY = YES_AGGRESSIVE;
				CLANG_WARN_UNREACHABLE_CODE = YES;
				CLANG_WARN__DUPLICATE_METHOD_MATCH = YES;
				COPY_PHASE_STRIP = NO;
				DEBUG_INFORMATION_FORMAT = dwarf;
				ENABLE_STRICT_OBJC_MSGSEND = YES;
				ENABLE_TESTABILITY = YES;
				GCC_C_LANGUAGE_STANDARD = gnu11;
				GCC_DYNAMIC_NO_PIC = NO;
				GCC_NO_COMMON_BLOCKS = YES;
				GCC_OPTIMIZATION_LEVEL = 0;
				GCC_PREPROCESSOR_DEFINITIONS = (
					"DEBUG=1",
					"$(inherited)",
				);
				GCC_WARN_64_TO_32_BIT_CONVERSION = YES;
				GCC_WARN_ABOUT_RETURN_TYPE = YES_ERROR;
				GCC_WARN_UNDECLARED_SELECTOR = YES;
				GCC_WARN_UNINITIALIZED_AUTOS = YES_AGGRESSIVE;
				GCC_WARN_UNUSED_FUNCTION = YES;
				GCC_WARN_UNUSED_VARIABLE = YES;
				IPHONEOS_DEPLOYMENT_TARGET = 15.2;
				MTL_ENABLE_DEBUG_INFO = INCLUDE_SOURCE;
				MTL_FAST_MATH = YES;
				ONLY_ACTIVE_ARCH = YES;
				SDKROOT = iphoneos;
				SWIFT_ACTIVE_COMPILATION_CONDITIONS = DEBUG;
				SWIFT_OPTIMIZATION_LEVEL = "-Onone";
			};
			name = Debug;
		};
		D06EDADB27DB2947006C3EC8 /* Release */ = {
			isa = XCBuildConfiguration;
			buildSettings = {
				ALWAYS_SEARCH_USER_PATHS = NO;
				CLANG_ANALYZER_NONNULL = YES;
				CLANG_ANALYZER_NUMBER_OBJECT_CONVERSION = YES_AGGRESSIVE;
				CLANG_CXX_LANGUAGE_STANDARD = "gnu++17";
				CLANG_CXX_LIBRARY = "libc++";
				CLANG_ENABLE_MODULES = YES;
				CLANG_ENABLE_OBJC_ARC = YES;
				CLANG_ENABLE_OBJC_WEAK = YES;
				CLANG_WARN_BLOCK_CAPTURE_AUTORELEASING = YES;
				CLANG_WARN_BOOL_CONVERSION = YES;
				CLANG_WARN_COMMA = YES;
				CLANG_WARN_CONSTANT_CONVERSION = YES;
				CLANG_WARN_DEPRECATED_OBJC_IMPLEMENTATIONS = YES;
				CLANG_WARN_DIRECT_OBJC_ISA_USAGE = YES_ERROR;
				CLANG_WARN_DOCUMENTATION_COMMENTS = YES;
				CLANG_WARN_EMPTY_BODY = YES;
				CLANG_WARN_ENUM_CONVERSION = YES;
				CLANG_WARN_INFINITE_RECURSION = YES;
				CLANG_WARN_INT_CONVERSION = YES;
				CLANG_WARN_NON_LITERAL_NULL_CONVERSION = YES;
				CLANG_WARN_OBJC_IMPLICIT_RETAIN_SELF = YES;
				CLANG_WARN_OBJC_LITERAL_CONVERSION = YES;
				CLANG_WARN_OBJC_ROOT_CLASS = YES_ERROR;
				CLANG_WARN_QUOTED_INCLUDE_IN_FRAMEWORK_HEADER = YES;
				CLANG_WARN_RANGE_LOOP_ANALYSIS = YES;
				CLANG_WARN_STRICT_PROTOTYPES = YES;
				CLANG_WARN_SUSPICIOUS_MOVE = YES;
				CLANG_WARN_UNGUARDED_AVAILABILITY = YES_AGGRESSIVE;
				CLANG_WARN_UNREACHABLE_CODE = YES;
				CLANG_WARN__DUPLICATE_METHOD_MATCH = YES;
				COPY_PHASE_STRIP = NO;
				DEBUG_INFORMATION_FORMAT = "dwarf-with-dsym";
				ENABLE_NS_ASSERTIONS = NO;
				ENABLE_STRICT_OBJC_MSGSEND = YES;
				GCC_C_LANGUAGE_STANDARD = gnu11;
				GCC_NO_COMMON_BLOCKS = YES;
				GCC_WARN_64_TO_32_BIT_CONVERSION = YES;
				GCC_WARN_ABOUT_RETURN_TYPE = YES_ERROR;
				GCC_WARN_UNDECLARED_SELECTOR = YES;
				GCC_WARN_UNINITIALIZED_AUTOS = YES_AGGRESSIVE;
				GCC_WARN_UNUSED_FUNCTION = YES;
				GCC_WARN_UNUSED_VARIABLE = YES;
				IPHONEOS_DEPLOYMENT_TARGET = 15.2;
				MTL_ENABLE_DEBUG_INFO = NO;
				MTL_FAST_MATH = YES;
				SDKROOT = iphoneos;
				SWIFT_COMPILATION_MODE = wholemodule;
				SWIFT_OPTIMIZATION_LEVEL = "-O";
				VALIDATE_PRODUCT = YES;
			};
			name = Release;
		};
		D06EDADD27DB2947006C3EC8 /* Debug */ = {
			isa = XCBuildConfiguration;
			buildSettings = {
				ASSETCATALOG_COMPILER_APPICON_NAME = AppIcon;
				ASSETCATALOG_COMPILER_GLOBAL_ACCENT_COLOR_NAME = AccentColor;
				CODE_SIGN_STYLE = Automatic;
				CURRENT_PROJECT_VERSION = 1;
				DEVELOPMENT_TEAM = 4ADX8QNLG7;
				GENERATE_INFOPLIST_FILE = YES;
				INFOPLIST_FILE = "UICollectionView-Tutorial/Info.plist";
				INFOPLIST_KEY_UIApplicationSupportsIndirectInputEvents = YES;
				INFOPLIST_KEY_UILaunchStoryboardName = LaunchScreen;
				INFOPLIST_KEY_UIMainStoryboardFile = Main;
				INFOPLIST_KEY_UISupportedInterfaceOrientations_iPad = "UIInterfaceOrientationPortrait UIInterfaceOrientationPortraitUpsideDown UIInterfaceOrientationLandscapeLeft UIInterfaceOrientationLandscapeRight";
				INFOPLIST_KEY_UISupportedInterfaceOrientations_iPhone = "UIInterfaceOrientationPortrait UIInterfaceOrientationLandscapeLeft UIInterfaceOrientationLandscapeRight";
				LD_RUNPATH_SEARCH_PATHS = (
					"$(inherited)",
					"@executable_path/Frameworks",
				);
				MARKETING_VERSION = 1.0;
				PRODUCT_BUNDLE_IDENTIFIER = "com.damlacim.UICollectionView-Tutorial";
				PRODUCT_NAME = "$(TARGET_NAME)";
				SWIFT_EMIT_LOC_STRINGS = YES;
				SWIFT_VERSION = 5.0;
				TARGETED_DEVICE_FAMILY = "1,2";
			};
			name = Debug;
		};
		D06EDADE27DB2947006C3EC8 /* Release */ = {
			isa = XCBuildConfiguration;
			buildSettings = {
				ASSETCATALOG_COMPILER_APPICON_NAME = AppIcon;
				ASSETCATALOG_COMPILER_GLOBAL_ACCENT_COLOR_NAME = AccentColor;
				CODE_SIGN_STYLE = Automatic;
				CURRENT_PROJECT_VERSION = 1;
				DEVELOPMENT_TEAM = 4ADX8QNLG7;
				GENERATE_INFOPLIST_FILE = YES;
				INFOPLIST_FILE = "UICollectionView-Tutorial/Info.plist";
				INFOPLIST_KEY_UIApplicationSupportsIndirectInputEvents = YES;
				INFOPLIST_KEY_UILaunchStoryboardName = LaunchScreen;
				INFOPLIST_KEY_UIMainStoryboardFile = Main;
				INFOPLIST_KEY_UISupportedInterfaceOrientations_iPad = "UIInterfaceOrientationPortrait UIInterfaceOrientationPortraitUpsideDown UIInterfaceOrientationLandscapeLeft UIInterfaceOrientationLandscapeRight";
				INFOPLIST_KEY_UISupportedInterfaceOrientations_iPhone = "UIInterfaceOrientationPortrait UIInterfaceOrientationLandscapeLeft UIInterfaceOrientationLandscapeRight";
				LD_RUNPATH_SEARCH_PATHS = (
					"$(inherited)",
					"@executable_path/Frameworks",
				);
				MARKETING_VERSION = 1.0;
				PRODUCT_BUNDLE_IDENTIFIER = "com.damlacim.UICollectionView-Tutorial";
				PRODUCT_NAME = "$(TARGET_NAME)";
				SWIFT_EMIT_LOC_STRINGS = YES;
				SWIFT_VERSION = 5.0;
				TARGETED_DEVICE_FAMILY = "1,2";
			};
			name = Release;
		};
		D06EDAE027DB2947006C3EC8 /* Debug */ = {
			isa = XCBuildConfiguration;
			buildSettings = {
				ALWAYS_EMBED_SWIFT_STANDARD_LIBRARIES = YES;
				BUNDLE_LOADER = "$(TEST_HOST)";
				CODE_SIGN_STYLE = Automatic;
				CURRENT_PROJECT_VERSION = 1;
				DEVELOPMENT_TEAM = 4ADX8QNLG7;
				GENERATE_INFOPLIST_FILE = YES;
				IPHONEOS_DEPLOYMENT_TARGET = 15.2;
				MARKETING_VERSION = 1.0;
				PRODUCT_BUNDLE_IDENTIFIER = "com.damlacim.UICollectionView-TutorialTests";
				PRODUCT_NAME = "$(TARGET_NAME)";
				SWIFT_EMIT_LOC_STRINGS = NO;
				SWIFT_VERSION = 5.0;
				TARGETED_DEVICE_FAMILY = "1,2";
				TEST_HOST = "$(BUILT_PRODUCTS_DIR)/UICollectionView-Tutorial.app/UICollectionView-Tutorial";
			};
			name = Debug;
		};
		D06EDAE127DB2947006C3EC8 /* Release */ = {
			isa = XCBuildConfiguration;
			buildSettings = {
				ALWAYS_EMBED_SWIFT_STANDARD_LIBRARIES = YES;
				BUNDLE_LOADER = "$(TEST_HOST)";
				CODE_SIGN_STYLE = Automatic;
				CURRENT_PROJECT_VERSION = 1;
				DEVELOPMENT_TEAM = 4ADX8QNLG7;
				GENERATE_INFOPLIST_FILE = YES;
				IPHONEOS_DEPLOYMENT_TARGET = 15.2;
				MARKETING_VERSION = 1.0;
				PRODUCT_BUNDLE_IDENTIFIER = "com.damlacim.UICollectionView-TutorialTests";
				PRODUCT_NAME = "$(TARGET_NAME)";
				SWIFT_EMIT_LOC_STRINGS = NO;
				SWIFT_VERSION = 5.0;
				TARGETED_DEVICE_FAMILY = "1,2";
				TEST_HOST = "$(BUILT_PRODUCTS_DIR)/UICollectionView-Tutorial.app/UICollectionView-Tutorial";
			};
			name = Release;
		};
		D06EDAE327DB2947006C3EC8 /* Debug */ = {
			isa = XCBuildConfiguration;
			buildSettings = {
				ALWAYS_EMBED_SWIFT_STANDARD_LIBRARIES = YES;
				CODE_SIGN_STYLE = Automatic;
				CURRENT_PROJECT_VERSION = 1;
				DEVELOPMENT_TEAM = 4ADX8QNLG7;
				GENERATE_INFOPLIST_FILE = YES;
				MARKETING_VERSION = 1.0;
				PRODUCT_BUNDLE_IDENTIFIER = "com.damlacim.UICollectionView-TutorialUITests";
				PRODUCT_NAME = "$(TARGET_NAME)";
				SWIFT_EMIT_LOC_STRINGS = NO;
				SWIFT_VERSION = 5.0;
				TARGETED_DEVICE_FAMILY = "1,2";
				TEST_TARGET_NAME = "UICollectionView-Tutorial";
			};
			name = Debug;
		};
		D06EDAE427DB2947006C3EC8 /* Release */ = {
			isa = XCBuildConfiguration;
			buildSettings = {
				ALWAYS_EMBED_SWIFT_STANDARD_LIBRARIES = YES;
				CODE_SIGN_STYLE = Automatic;
				CURRENT_PROJECT_VERSION = 1;
				DEVELOPMENT_TEAM = 4ADX8QNLG7;
				GENERATE_INFOPLIST_FILE = YES;
				MARKETING_VERSION = 1.0;
				PRODUCT_BUNDLE_IDENTIFIER = "com.damlacim.UICollectionView-TutorialUITests";
				PRODUCT_NAME = "$(TARGET_NAME)";
				SWIFT_EMIT_LOC_STRINGS = NO;
				SWIFT_VERSION = 5.0;
				TARGETED_DEVICE_FAMILY = "1,2";
				TEST_TARGET_NAME = "UICollectionView-Tutorial";
			};
			name = Release;
		};
/* End XCBuildConfiguration section */

/* Begin XCConfigurationList section */
		D06EDAAD27DB2946006C3EC8 /* Build configuration list for PBXProject "UICollectionView-Tutorial" */ = {
			isa = XCConfigurationList;
			buildConfigurations = (
				D06EDADA27DB2947006C3EC8 /* Debug */,
				D06EDADB27DB2947006C3EC8 /* Release */,
			);
			defaultConfigurationIsVisible = 0;
			defaultConfigurationName = Release;
		};
		D06EDADC27DB2947006C3EC8 /* Build configuration list for PBXNativeTarget "UICollectionView-Tutorial" */ = {
			isa = XCConfigurationList;
			buildConfigurations = (
				D06EDADD27DB2947006C3EC8 /* Debug */,
				D06EDADE27DB2947006C3EC8 /* Release */,
			);
			defaultConfigurationIsVisible = 0;
			defaultConfigurationName = Release;
		};
		D06EDADF27DB2947006C3EC8 /* Build configuration list for PBXNativeTarget "UICollectionView-TutorialTests" */ = {
			isa = XCConfigurationList;
			buildConfigurations = (
				D06EDAE027DB2947006C3EC8 /* Debug */,
				D06EDAE127DB2947006C3EC8 /* Release */,
			);
			defaultConfigurationIsVisible = 0;
			defaultConfigurationName = Release;
		};
		D06EDAE227DB2947006C3EC8 /* Build configuration list for PBXNativeTarget "UICollectionView-TutorialUITests" */ = {
			isa = XCConfigurationList;
			buildConfigurations = (
				D06EDAE327DB2947006C3EC8 /* Debug */,
				D06EDAE427DB2947006C3EC8 /* Release */,
			);
			defaultConfigurationIsVisible = 0;
			defaultConfigurationName = Release;
		};
/* End XCConfigurationList section */
	};
	rootObject = D06EDAAA27DB2946006C3EC8 /* Project object */;
}
